
Microsoft Visual Studio Solution File, Format Version 12.00
# Visual Studio Version 16
VisualStudioVersion = 16.0.30717.126
MinimumVisualStudioVersion = 10.0.40219.1
Project("{2150E333-8FDC-42A3-9474-1A3956D46DE8}") = "Application", "Application", "{F4F7E808-748F-43E9-9C39-08B7F1541949}"
EndProject
Project("{2150E333-8FDC-42A3-9474-1A3956D46DE8}") = "Domain", "Domain", "{587E5338-5FDF-44F3-BB1E-1752C520BE77}"
EndProject
Project("{2150E333-8FDC-42A3-9474-1A3956D46DE8}") = "Infra.Data", "Infra.Data", "{B447B16D-25CC-4D79-9D8B-DB9858CA2C6D}"
EndProject
Project("{2150E333-8FDC-42A3-9474-1A3956D46DE8}") = "Infra.IoC", "Infra.IoC", "{047A8861-7BDC-422E-BA53-66DB8C895E73}"
EndProject
Project("{2150E333-8FDC-42A3-9474-1A3956D46DE8}") = "Presentation", "Presentation", "{9DC86B23-79A7-4665-9BD4-A96A97261A73}"
EndProject
Project("{FAE04EC0-301F-11D3-BF4B-00C04F79EFBC}") = "CleanArch.Mvc", "CleanArch.Mvc\CleanArch.Mvc.csproj", "{3C660B24-35F2-4F62-9C77-D1155E0421DE}"
EndProject
Project("{FAE04EC0-301F-11D3-BF4B-00C04F79EFBC}") = "CleanArch.Domain", "CleanArch.Domain\CleanArch.Domain.csproj", "{767CE48B-8759-40C7-BF1D-0E4E3F3C1A38}"
EndProject
Project("{FAE04EC0-301F-11D3-BF4B-00C04F79EFBC}") = "CleanArch.Infra.Data", "CleanArch.Infra.Data\CleanArch.Infra.Data.csproj", "{C70FB611-7660-4755-AF52-1DE7A397240A}"
EndProject
Project("{FAE04EC0-301F-11D3-BF4B-00C04F79EFBC}") = "CleanArch.Application", "CleanArch.Application\CleanArch.Application.csproj", "{89BFAC2D-EEA7-4A63-AB47-DE08E36501D2}"
EndProject
Project("{FAE04EC0-301F-11D3-BF4B-00C04F79EFBC}") = "CleanArch.Infra.Ioc", "CleanArch.Infra.Ioc\CleanArch.Infra.Ioc.csproj", "{44BBC5CC-A894-4DA2-903F-F31FC1935C29}"
EndProject
Project("{2150E333-8FDC-42A3-9474-1A3956D46DE8}") = "Infra.Bus", "Infra.Bus", "{2D18C97C-CE6A-47CB-8843-93F6E985E2DE}"
EndProject
Project("{2150E333-8FDC-42A3-9474-1A3956D46DE8}") = "Api", "Api", "{027F0D83-2D29-4143-A092-FC89E276E957}"
EndProject
Project("{FAE04EC0-301F-11D3-BF4B-00C04F79EFBC}") = "CleanArch.Infra.Bus", "CleanArch.Infra.Bus\CleanArch.Infra.Bus.csproj", "{D1A017CE-4C92-45C6-9668-F14434DEE3F4}"
EndProject
Project("{FAE04EC0-301F-11D3-BF4B-00C04F79EFBC}") = "CleanArch.Domain.Core", "CleanArch.Domain.Core\CleanArch.Domain.Core.csproj", "{B11D821A-AF1E-4394-83DA-E4DEEAD1DCF0}"
EndProject
Global
	GlobalSection(SolutionConfigurationPlatforms) = preSolution
		Debug|Any CPU = Debug|Any CPU
		Release|Any CPU = Release|Any CPU
	EndGlobalSection
	GlobalSection(ProjectConfigurationPlatforms) = postSolution
		{3C660B24-35F2-4F62-9C77-D1155E0421DE}.Debug|Any CPU.ActiveCfg = Debug|Any CPU
		{3C660B24-35F2-4F62-9C77-D1155E0421DE}.Debug|Any CPU.Build.0 = Debug|Any CPU
		{3C660B24-35F2-4F62-9C77-D1155E0421DE}.Release|Any CPU.ActiveCfg = Release|Any CPU
		{3C660B24-35F2-4F62-9C77-D1155E0421DE}.Release|Any CPU.Build.0 = Release|Any CPU
		{767CE48B-8759-40C7-BF1D-0E4E3F3C1A38}.Debug|Any CPU.ActiveCfg = Debug|Any CPU
		{767CE48B-8759-40C7-BF1D-0E4E3F3C1A38}.Debug|Any CPU.Build.0 = Debug|Any CPU
		{767CE48B-8759-40C7-BF1D-0E4E3F3C1A38}.Release|Any CPU.ActiveCfg = Release|Any CPU
		{767CE48B-8759-40C7-BF1D-0E4E3F3C1A38}.Release|Any CPU.Build.0 = Release|Any CPU
		{C70FB611-7660-4755-AF52-1DE7A397240A}.Debug|Any CPU.ActiveCfg = Debug|Any CPU
		{C70FB611-7660-4755-AF52-1DE7A397240A}.Debug|Any CPU.Build.0 = Debug|Any CPU
		{C70FB611-7660-4755-AF52-1DE7A397240A}.Release|Any CPU.ActiveCfg = Release|Any CPU
		{C70FB611-7660-4755-AF52-1DE7A397240A}.Release|Any CPU.Build.0 = Release|Any CPU
		{89BFAC2D-EEA7-4A63-AB47-DE08E36501D2}.Debug|Any CPU.ActiveCfg = Debug|Any CPU
		{89BFAC2D-EEA7-4A63-AB47-DE08E36501D2}.Debug|Any CPU.Build.0 = Debug|Any CPU
		{89BFAC2D-EEA7-4A63-AB47-DE08E36501D2}.Release|Any CPU.ActiveCfg = Release|Any CPU
		{89BFAC2D-EEA7-4A63-AB47-DE08E36501D2}.Release|Any CPU.Build.0 = Release|Any CPU
		{44BBC5CC-A894-4DA2-903F-F31FC1935C29}.Debug|Any CPU.ActiveCfg = Debug|Any CPU
		{44BBC5CC-A894-4DA2-903F-F31FC1935C29}.Debug|Any CPU.Build.0 = Debug|Any CPU
		{44BBC5CC-A894-4DA2-903F-F31FC1935C29}.Release|Any CPU.ActiveCfg = Release|Any CPU
		{44BBC5CC-A894-4DA2-903F-F31FC1935C29}.Release|Any CPU.Build.0 = Release|Any CPU
		{D1A017CE-4C92-45C6-9668-F14434DEE3F4}.Debug|Any CPU.ActiveCfg = Debug|Any CPU
		{D1A017CE-4C92-45C6-9668-F14434DEE3F4}.Debug|Any CPU.Build.0 = Debug|Any CPU
		{D1A017CE-4C92-45C6-9668-F14434DEE3F4}.Release|Any CPU.ActiveCfg = Release|Any CPU
		{D1A017CE-4C92-45C6-9668-F14434DEE3F4}.Release|Any CPU.Build.0 = Release|Any CPU
		{B11D821A-AF1E-4394-83DA-E4DEEAD1DCF0}.Debug|Any CPU.ActiveCfg = Debug|Any CPU
		{B11D821A-AF1E-4394-83DA-E4DEEAD1DCF0}.Debug|Any CPU.Build.0 = Debug|Any CPU
		{B11D821A-AF1E-4394-83DA-E4DEEAD1DCF0}.Release|Any CPU.ActiveCfg = Release|Any CPU
		{B11D821A-AF1E-4394-83DA-E4DEEAD1DCF0}.Release|Any CPU.Build.0 = Release|Any CPU
	EndGlobalSection
	GlobalSection(SolutionProperties) = preSolution
		HideSolutionNode = FALSE
	EndGlobalSection
	GlobalSection(NestedProjects) = preSolution
		{3C660B24-35F2-4F62-9C77-D1155E0421DE} = {9DC86B23-79A7-4665-9BD4-A96A97261A73}
		{767CE48B-8759-40C7-BF1D-0E4E3F3C1A38} = {587E5338-5FDF-44F3-BB1E-1752C520BE77}
		{C70FB611-7660-4755-AF52-1DE7A397240A} = {B447B16D-25CC-4D79-9D8B-DB9858CA2C6D}
		{89BFAC2D-EEA7-4A63-AB47-DE08E36501D2} = {F4F7E808-748F-43E9-9C39-08B7F1541949}
		{44BBC5CC-A894-4DA2-903F-F31FC1935C29} = {047A8861-7BDC-422E-BA53-66DB8C895E73}
		{D1A017CE-4C92-45C6-9668-F14434DEE3F4} = {2D18C97C-CE6A-47CB-8843-93F6E985E2DE}
		{B11D821A-AF1E-4394-83DA-E4DEEAD1DCF0} = {587E5338-5FDF-44F3-BB1E-1752C520BE77}
	EndGlobalSection
	GlobalSection(ExtensibilityGlobals) = postSolution
		SolutionGuid = {08B2A642-D58C-447E-8D17-CBD3C1197F76}
	EndGlobalSection
EndGlobal
